
Microsoft Visual Studio Solution File, Format Version 12.00
# Visual Studio Version 17
VisualStudioVersion = 17.7.34009.444
MinimumVisualStudioVersion = 10.0.40219.1
Project("{FAE04EC0-301F-11D3-BF4B-00C04F79EFBC}") = "WpfApp", "WpfApp\WpfApp.csproj", "{DB9D1F2A-E0AE-4877-BE84-B9F3BB0D3F6E}"
EndProject
Global
	GlobalSection(SolutionConfigurationPlatforms) = preSolution
		Debug|Any CPU = Debug|Any CPU
		Release|Any CPU = Release|Any CPU
	EndGlobalSection
	GlobalSection(ProjectConfigurationPlatforms) = postSolution
		{DB9D1F2A-E0AE-4877-BE84-B9F3BB0D3F6E}.Debug|Any CPU.ActiveCfg = Debug|Any CPU
		{DB9D1F2A-E0AE-4877-BE84-B9F3BB0D3F6E}.Debug|Any CPU.Build.0 = Debug|Any CPU
		{DB9D1F2A-E0AE-4877-BE84-B9F3BB0D3F6E}.Release|Any CPU.ActiveCfg = Release|Any CPU
		{DB9D1F2A-E0AE-4877-BE84-B9F3BB0D3F6E}.Release|Any CPU.Build.0 = Release|Any CPU
	EndGlobalSection
	GlobalSection(SolutionProperties) = preSolution
		HideSolutionNode = FALSE
	EndGlobalSection
	GlobalSection(ExtensibilityGlobals) = postSolution
		SolutionGuid = {0889F2F3-BD37-47E7-8DEC-84BD08C40243}
	EndGlobalSection
EndGlobal
